// !$*UTF8*$!
{
	archiveVersion = 1;
	classes = {
	};
	objectVersion = 56;
	objects = {

/* Begin PBXBuildFile section */
		DB5DCED62D54B5990019B054 /* AboutMeApp.swift in Sources */ = {isa = PBXBuildFile; fileRef = DB5DCED52D54B5990019B054 /* AboutMeApp.swift */; };
		DB5DCED82D54B5990019B054 /* ContentView.swift in Sources */ = {isa = PBXBuildFile; fileRef = DB5DCED72D54B5990019B054 /* ContentView.swift */; };
		DB5DCEDA2D54B59B0019B054 /* Assets.xcassets in Resources */ = {isa = PBXBuildFile; fileRef = DB5DCED92D54B59B0019B054 /* Assets.xcassets */; };
		DB5DCEDD2D54B59B0019B054 /* Preview Assets.xcassets in Resources */ = {isa = PBXBuildFile; fileRef = DB5DCEDC2D54B59B0019B054 /* Preview Assets.xcassets */; };
		DB5DCEE42D54B65F0019B054 /* ProfileView.swift in Sources */ = {isa = PBXBuildFile; fileRef = DB5DCEE32D54B65F0019B054 /* ProfileView.swift */; };
		DB5DCEE62D54B68B0019B054 /* InterestsView.swift in Sources */ = {isa = PBXBuildFile; fileRef = DB5DCEE52D54B68B0019B054 /* InterestsView.swift */; };
		DB5DCEEA2D54B6B40019B054 /* СommunicationView.swift in Sources */ = {isa = PBXBuildFile; fileRef = DB5DCEE92D54B6B40019B054 /* СommunicationView.swift */; };
		DBE5D57B2D5E493700AF68D7 /* GrechenFuemen-Regular.ttf in Resources */ = {isa = PBXBuildFile; fileRef = DBE5D57A2D5E493700AF68D7 /* GrechenFuemen-Regular.ttf */; };
		DBE5D57E2D5E4F9A00AF68D7 /* GoalView.swift in Sources */ = {isa = PBXBuildFile; fileRef = DBE5D57D2D5E4F9A00AF68D7 /* GoalView.swift */; };
/* End PBXBuildFile section */

/* Begin PBXFileReference section */
		DB5DCED22D54B5990019B054 /* AboutMe.app */ = {isa = PBXFileReference; explicitFileType = wrapper.application; includeInIndex = 0; path = AboutMe.app; sourceTree = BUILT_PRODUCTS_DIR; };
		DB5DCED52D54B5990019B054 /* AboutMeApp.swift */ = {isa = PBXFileReference; lastKnownFileType = sourcecode.swift; path = AboutMeApp.swift; sourceTree = "<group>"; };
		DB5DCED72D54B5990019B054 /* ContentView.swift */ = {isa = PBXFileReference; lastKnownFileType = sourcecode.swift; path = ContentView.swift; sourceTree = "<group>"; };
		DB5DCED92D54B59B0019B054 /* Assets.xcassets */ = {isa = PBXFileReference; lastKnownFileType = folder.assetcatalog; path = Assets.xcassets; sourceTree = "<group>"; };
		DB5DCEDC2D54B59B0019B054 /* Preview Assets.xcassets */ = {isa = PBXFileReference; lastKnownFileType = folder.assetcatalog; path = "Preview Assets.xcassets"; sourceTree = "<group>"; };
		DB5DCEE32D54B65F0019B054 /* ProfileView.swift */ = {isa = PBXFileReference; lastKnownFileType = sourcecode.swift; path = ProfileView.swift; sourceTree = "<group>"; };
		DB5DCEE52D54B68B0019B054 /* InterestsView.swift */ = {isa = PBXFileReference; lastKnownFileType = sourcecode.swift; path = InterestsView.swift; sourceTree = "<group>"; };
		DB5DCEE92D54B6B40019B054 /* СommunicationView.swift */ = {isa = PBXFileReference; lastKnownFileType = sourcecode.swift; path = "СommunicationView.swift"; sourceTree = "<group>"; };
		DBE5D57A2D5E493700AF68D7 /* GrechenFuemen-Regular.ttf */ = {isa = PBXFileReference; lastKnownFileType = file; name = "GrechenFuemen-Regular.ttf"; path = "../../../../Downloads/Cormorant_Garamond,Geist_Mono,Grechen_Fuemen,Lilita_One/Grechen_Fuemen/GrechenFuemen-Regular.ttf"; sourceTree = "<group>"; };
		DBE5D57D2D5E4F9A00AF68D7 /* GoalView.swift */ = {isa = PBXFileReference; lastKnownFileType = sourcecode.swift; path = GoalView.swift; sourceTree = "<group>"; };
/* End PBXFileReference section */

/* Begin PBXFrameworksBuildPhase section */
		DB5DCECF2D54B5990019B054 /* Frameworks */ = {
			isa = PBXFrameworksBuildPhase;
			buildActionMask = 2147483647;
			files = (
			);
			runOnlyForDeploymentPostprocessing = 0;
		};
/* End PBXFrameworksBuildPhase section */

/* Begin PBXGroup section */
		DB5DCEC92D54B5980019B054 = {
			isa = PBXGroup;
			children = (
				DB5DCED42D54B5990019B054 /* AboutMe */,
				DB5DCED32D54B5990019B054 /* Products */,
			);
			sourceTree = "<group>";
		};
		DB5DCED32D54B5990019B054 /* Products */ = {
			isa = PBXGroup;
			children = (
				DB5DCED22D54B5990019B054 /* AboutMe.app */,
			);
			name = Products;
			sourceTree = "<group>";
		};
		DB5DCED42D54B5990019B054 /* AboutMe */ = {
			isa = PBXGroup;
			children = (
				DBE5D57A2D5E493700AF68D7 /* GrechenFuemen-Regular.ttf */,
				DB5DCED52D54B5990019B054 /* AboutMeApp.swift */,
				DB5DCEE92D54B6B40019B054 /* СommunicationView.swift */,
				DBE5D57D2D5E4F9A00AF68D7 /* GoalView.swift */,
				DB5DCEE32D54B65F0019B054 /* ProfileView.swift */,
				DB5DCED72D54B5990019B054 /* ContentView.swift */,
				DB5DCEE52D54B68B0019B054 /* InterestsView.swift */,
				DB5DCED92D54B59B0019B054 /* Assets.xcassets */,
				DB5DCEDB2D54B59B0019B054 /* Preview Content */,
			);
			path = AboutMe;
			sourceTree = "<group>";
		};
		DB5DCEDB2D54B59B0019B054 /* Preview Content */ = {
			isa = PBXGroup;
			children = (
				DB5DCEDC2D54B59B0019B054 /* Preview Assets.xcassets */,
			);
			path = "Preview Content";
			sourceTree = "<group>";
		};
/* End PBXGroup section */

/* Begin PBXNativeTarget section */
		DB5DCED12D54B5990019B054 /* AboutMe */ = {
			isa = PBXNativeTarget;
			buildConfigurationList = DB5DCEE02D54B59B0019B054 /* Build configuration list for PBXNativeTarget "AboutMe" */;
			buildPhases = (
				DB5DCECE2D54B5990019B054 /* Sources */,
				DB5DCECF2D54B5990019B054 /* Frameworks */,
				DB5DCED02D54B5990019B054 /* Resources */,
			);
			buildRules = (
			);
			dependencies = (
			);
			name = AboutMe;
			productName = AboutMe;
			productReference = DB5DCED22D54B5990019B054 /* AboutMe.app */;
			productType = "com.apple.product-type.application";
		};
/* End PBXNativeTarget section */

/* Begin PBXProject section */
		DB5DCECA2D54B5980019B054 /* Project object */ = {
			isa = PBXProject;
			attributes = {
				BuildIndependentTargetsInParallel = 1;
				LastSwiftUpdateCheck = 1540;
				LastUpgradeCheck = 1540;
				TargetAttributes = {
					DB5DCED12D54B5990019B054 = {
						CreatedOnToolsVersion = 15.4;
					};
				};
			};
			buildConfigurationList = DB5DCECD2D54B5980019B054 /* Build configuration list for PBXProject "AboutMe" */;
			compatibilityVersion = "Xcode 14.0";
			developmentRegion = en;
			hasScannedForEncodings = 0;
			knownRegions = (
				en,
				Base,
			);
			mainGroup = DB5DCEC92D54B5980019B054;
			productRefGroup = DB5DCED32D54B5990019B054 /* Products */;
			projectDirPath = "";
			projectRoot = "";
			targets = (
				DB5DCED12D54B5990019B054 /* AboutMe */,
			);
		};
/* End PBXProject section */

/* Begin PBXResourcesBuildPhase section */
		DB5DCED02D54B5990019B054 /* Resources */ = {
			isa = PBXResourcesBuildPhase;
			buildActionMask = 2147483647;
			files = (
				DB5DCEDD2D54B59B0019B054 /* Preview Assets.xcassets in Resources */,
				DB5DCEDA2D54B59B0019B054 /* Assets.xcassets in Resources */,
				DBE5D57B2D5E493700AF68D7 /* GrechenFuemen-Regular.ttf in Resources */,
			);
			runOnlyForDeploymentPostprocessing = 0;
		};
/* End PBXResourcesBuildPhase section */

/* Begin PBXSourcesBuildPhase section */
		DB5DCECE2D54B5990019B054 /* Sources */ = {
			isa = PBXSourcesBuildPhase;
			buildActionMask = 2147483647;
			files = (
				DB5DCEE62D54B68B0019B054 /* InterestsView.swift in Sources */,
				DB5DCED82D54B5990019B054 /* ContentView.swift in Sources */,
				DB5DCEEA2D54B6B40019B054 /* СommunicationView.swift in Sources */,
				DB5DCEE42D54B65F0019B054 /* ProfileView.swift in Sources */,
				DBE5D57E2D5E4F9A00AF68D7 /* GoalView.swift in Sources */,
				DB5DCED62D54B5990019B054 /* AboutMeApp.swift in Sources */,
			);
			runOnlyForDeploymentPostprocessing = 0;
		};
/* End PBXSourcesBuildPhase section */

/* Begin XCBuildConfiguration section */
		DB5DCEDE2D54B59B0019B054 /* Debug */ = {
			isa = XCBuildConfiguration;
			buildSettings = {
				ALWAYS_SEARCH_USER_PATHS = NO;
				ASSETCATALOG_COMPILER_GENERATE_SWIFT_ASSET_SYMBOL_EXTENSIONS = YES;
				CLANG_ANALYZER_NONNULL = YES;
				CLANG_ANALYZER_NUMBER_OBJECT_CONVERSION = YES_AGGRESSIVE;
				CLANG_CXX_LANGUAGE_STANDARD = "gnu++20";
				CLANG_ENABLE_MODULES = YES;
				CLANG_ENABLE_OBJC_ARC = YES;
				CLANG_ENABLE_OBJC_WEAK = YES;
				CLANG_WARN_BLOCK_CAPTURE_AUTORELEASING = YES;
				CLANG_WARN_BOOL_CONVERSION = YES;
				CLANG_WARN_COMMA = YES;
				CLANG_WARN_CONSTANT_CONVERSION = YES;
				CLANG_WARN_DEPRECATED_OBJC_IMPLEMENTATIONS = YES;
				CLANG_WARN_DIRECT_OBJC_ISA_USAGE = YES_ERROR;
				CLANG_WARN_DOCUMENTATION_COMMENTS = YES;
				CLANG_WARN_EMPTY_BODY = YES;
				CLANG_WARN_ENUM_CONVERSION = YES;
				CLANG_WARN_INFINITE_RECURSION = YES;
				CLANG_WARN_INT_CONVERSION = YES;
				CLANG_WARN_NON_LITERAL_NULL_CONVERSION = YES;
				CLANG_WARN_OBJC_IMPLICIT_RETAIN_SELF = YES;
				CLANG_WARN_OBJC_LITERAL_CONVERSION = YES;
				CLANG_WARN_OBJC_ROOT_CLASS = YES_ERROR;
				CLANG_WARN_QUOTED_INCLUDE_IN_FRAMEWORK_HEADER = YES;
				CLANG_WARN_RANGE_LOOP_ANALYSIS = YES;
				CLANG_WARN_STRICT_PROTOTYPES = YES;
				CLANG_WARN_SUSPICIOUS_MOVE = YES;
				CLANG_WARN_UNGUARDED_AVAILABILITY = YES_AGGRESSIVE;
				CLANG_WARN_UNREACHABLE_CODE = YES;
				CLANG_WARN__DUPLICATE_METHOD_MATCH = YES;
				COPY_PHASE_STRIP = NO;
				DEBUG_INFORMATION_FORMAT = dwarf;
				ENABLE_STRICT_OBJC_MSGSEND = YES;
				ENABLE_TESTABILITY = YES;
				ENABLE_USER_SCRIPT_SANDBOXING = YES;
				GCC_C_LANGUAGE_STANDARD = gnu17;
				GCC_DYNAMIC_NO_PIC = NO;
				GCC_NO_COMMON_BLOCKS = YES;
				GCC_OPTIMIZATION_LEVEL = 0;
				GCC_PREPROCESSOR_DEFINITIONS = (
					"DEBUG=1",
					"$(inherited)",
				);
				GCC_WARN_64_TO_32_BIT_CONVERSION = YES;
				GCC_WARN_ABOUT_RETURN_TYPE = YES_ERROR;
				GCC_WARN_UNDECLARED_SELECTOR = YES;
				GCC_WARN_UNINITIALIZED_AUTOS = YES_AGGRESSIVE;
				GCC_WARN_UNUSED_FUNCTION = YES;
				GCC_WARN_UNUSED_VARIABLE = YES;
				IPHONEOS_DEPLOYMENT_TARGET = 17.5;
				LOCALIZATION_PREFERS_STRING_CATALOGS = YES;
				MTL_ENABLE_DEBUG_INFO = INCLUDE_SOURCE;
				MTL_FAST_MATH = YES;
				ONLY_ACTIVE_ARCH = YES;
				SDKROOT = iphoneos;
				SWIFT_ACTIVE_COMPILATION_CONDITIONS = "DEBUG $(inherited)";
				SWIFT_OPTIMIZATION_LEVEL = "-Onone";
			};
			name = Debug;
		};
		DB5DCEDF2D54B59B0019B054 /* Release */ = {
			isa = XCBuildConfiguration;
			buildSettings = {
				ALWAYS_SEARCH_USER_PATHS = NO;
				ASSETCATALOG_COMPILER_GENERATE_SWIFT_ASSET_SYMBOL_EXTENSIONS = YES;
				CLANG_ANALYZER_NONNULL = YES;
				CLANG_ANALYZER_NUMBER_OBJECT_CONVERSION = YES_AGGRESSIVE;
				CLANG_CXX_LANGUAGE_STANDARD = "gnu++20";
				CLANG_ENABLE_MODULES = YES;
				CLANG_ENABLE_OBJC_ARC = YES;
				CLANG_ENABLE_OBJC_WEAK = YES;
				CLANG_WARN_BLOCK_CAPTURE_AUTORELEASING = YES;
				CLANG_WARN_BOOL_CONVERSION = YES;
				CLANG_WARN_COMMA = YES;
				CLANG_WARN_CONSTANT_CONVERSION = YES;
				CLANG_WARN_DEPRECATED_OBJC_IMPLEMENTATIONS = YES;
				CLANG_WARN_DIRECT_OBJC_ISA_USAGE = YES_ERROR;
				CLANG_WARN_DOCUMENTATION_COMMENTS = YES;
				CLANG_WARN_EMPTY_BODY = YES;
				CLANG_WARN_ENUM_CONVERSION = YES;
				CLANG_WARN_INFINITE_RECURSION = YES;
				CLANG_WARN_INT_CONVERSION = YES;
				CLANG_WARN_NON_LITERAL_NULL_CONVERSION = YES;
				CLANG_WARN_OBJC_IMPLICIT_RETAIN_SELF = YES;
				CLANG_WARN_OBJC_LITERAL_CONVERSION = YES;
				CLANG_WARN_OBJC_ROOT_CLASS = YES_ERROR;
				CLANG_WARN_QUOTED_INCLUDE_IN_FRAMEWORK_HEADER = YES;
				CLANG_WARN_RANGE_LOOP_ANALYSIS = YES;
				CLANG_WARN_STRICT_PROTOTYPES = YES;
				CLANG_WARN_SUSPICIOUS_MOVE = YES;
				CLANG_WARN_UNGUARDED_AVAILABILITY = YES_AGGRESSIVE;
				CLANG_WARN_UNREACHABLE_CODE = YES;
				CLANG_WARN__DUPLICATE_METHOD_MATCH = YES;
				COPY_PHASE_STRIP = NO;
				DEBUG_INFORMATION_FORMAT = "dwarf-with-dsym";
				ENABLE_NS_ASSERTIONS = NO;
				ENABLE_STRICT_OBJC_MSGSEND = YES;
				ENABLE_USER_SCRIPT_SANDBOXING = YES;
				GCC_C_LANGUAGE_STANDARD = gnu17;
				GCC_NO_COMMON_BLOCKS = YES;
				GCC_WARN_64_TO_32_BIT_CONVERSION = YES;
				GCC_WARN_ABOUT_RETURN_TYPE = YES_ERROR;
				GCC_WARN_UNDECLARED_SELECTOR = YES;
				GCC_WARN_UNINITIALIZED_AUTOS = YES_AGGRESSIVE;
				GCC_WARN_UNUSED_FUNCTION = YES;
				GCC_WARN_UNUSED_VARIABLE = YES;
				IPHONEOS_DEPLOYMENT_TARGET = 17.5;
				LOCALIZATION_PREFERS_STRING_CATALOGS = YES;
				MTL_ENABLE_DEBUG_INFO = NO;
				MTL_FAST_MATH = YES;
				SDKROOT = iphoneos;
				SWIFT_COMPILATION_MODE = wholemodule;
				VALIDATE_PRODUCT = YES;
			};
			name = Release;
		};
		DB5DCEE12D54B59B0019B054 /* Debug */ = {
			isa = XCBuildConfiguration;
			buildSettings = {
				ASSETCATALOG_COMPILER_APPICON_NAME = AppIcon;
				ASSETCATALOG_COMPILER_GLOBAL_ACCENT_COLOR_NAME = AccentColor;
				CODE_SIGN_STYLE = Automatic;
				CURRENT_PROJECT_VERSION = 1;
				DEVELOPMENT_ASSET_PATHS = "\"AboutMe/Preview Content\"";
				ENABLE_PREVIEWS = YES;
				GENERATE_INFOPLIST_FILE = YES;
				INFOPLIST_FILE = AboutMe/Info.plist;
				INFOPLIST_KEY_LSApplicationCategoryType = "GrechenFuemen-Regular.ttf";
				INFOPLIST_KEY_UIApplicationSceneManifest_Generation = YES;
				INFOPLIST_KEY_UIApplicationSupportsIndirectInputEvents = YES;
				INFOPLIST_KEY_UILaunchScreen_Generation = YES;
				INFOPLIST_KEY_UISupportedInterfaceOrientations_iPad = "UIInterfaceOrientationPortrait UIInterfaceOrientationPortraitUpsideDown UIInterfaceOrientationLandscapeLeft UIInterfaceOrientationLandscapeRight";
				INFOPLIST_KEY_UISupportedInterfaceOrientations_iPhone = "UIInterfaceOrientationPortrait UIInterfaceOrientationLandscapeLeft UIInterfaceOrientationLandscapeRight";
				LD_RUNPATH_SEARCH_PATHS = (
					"$(inherited)",
					"@executable_path/Frameworks",
				);
				MARKETING_VERSION = 1.0;
				PRODUCT_BUNDLE_IDENTIFIER = com.firuza.AboutMe;
				PRODUCT_NAME = "$(TARGET_NAME)";
				SWIFT_EMIT_LOC_STRINGS = YES;
				SWIFT_VERSION = 5.0;
				TARGETED_DEVICE_FAMILY = "1,2";
			};
			name = Debug;
		};
		DB5DCEE22D54B59B0019B054 /* Release */ = {
			isa = XCBuildConfiguration;
			buildSettings = {
				ASSETCATALOG_COMPILER_APPICON_NAME = AppIcon;
				ASSETCATALOG_COMPILER_GLOBAL_ACCENT_COLOR_NAME = AccentColor;
				CODE_SIGN_STYLE = Automatic;
				CURRENT_PROJECT_VERSION = 1;
				DEVELOPMENT_ASSET_PATHS = "\"AboutMe/Preview Content\"";
				ENABLE_PREVIEWS = YES;
				GENERATE_INFOPLIST_FILE = YES;
				INFOPLIST_FILE = AboutMe/Info.plist;
				INFOPLIST_KEY_LSApplicationCategoryType = "GrechenFuemen-Regular.ttf";
				INFOPLIST_KEY_UIApplicationSceneManifest_Generation = YES;
				INFOPLIST_KEY_UIApplicationSupportsIndirectInputEvents = YES;
				INFOPLIST_KEY_UILaunchScreen_Generation = YES;
				INFOPLIST_KEY_UISupportedInterfaceOrientations_iPad = "UIInterfaceOrientationPortrait UIInterfaceOrientationPortraitUpsideDown UIInterfaceOrientationLandscapeLeft UIInterfaceOrientationLandscapeRight";
				INFOPLIST_KEY_UISupportedInterfaceOrientations_iPhone = "UIInterfaceOrientationPortrait UIInterfaceOrientationLandscapeLeft UIInterfaceOrientationLandscapeRight";
				LD_RUNPATH_SEARCH_PATHS = (
					"$(inherited)",
					"@executable_path/Frameworks",
				);
				MARKETING_VERSION = 1.0;
				PRODUCT_BUNDLE_IDENTIFIER = com.firuza.AboutMe;
				PRODUCT_NAME = "$(TARGET_NAME)";
				SWIFT_EMIT_LOC_STRINGS = YES;
				SWIFT_VERSION = 5.0;
				TARGETED_DEVICE_FAMILY = "1,2";
			};
			name = Release;
		};
/* End XCBuildConfiguration section */

/* Begin XCConfigurationList section */
		DB5DCECD2D54B5980019B054 /* Build configuration list for PBXProject "AboutMe" */ = {
			isa = XCConfigurationList;
			buildConfigurations = (
				DB5DCEDE2D54B59B0019B054 /* Debug */,
				DB5DCEDF2D54B59B0019B054 /* Release */,
			);
			defaultConfigurationIsVisible = 0;
			defaultConfigurationName = Release;
		};
		DB5DCEE02D54B59B0019B054 /* Build configuration list for PBXNativeTarget "AboutMe" */ = {
			isa = XCConfigurationList;
			buildConfigurations = (
				DB5DCEE12D54B59B0019B054 /* Debug */,
				DB5DCEE22D54B59B0019B054 /* Release */,
			);
			defaultConfigurationIsVisible = 0;
			defaultConfigurationName = Release;
		};
/* End XCConfigurationList section */
	};
	rootObject = DB5DCECA2D54B5980019B054 /* Project object */;
}
